
Microsoft Visual Studio Solution File, Format Version 12.00
# Visual Studio 14
VisualStudioVersion = 14.0.23107.0
MinimumVisualStudioVersion = 10.0.40219.1
Project("{FAE04EC0-301F-11D3-BF4B-00C04F79EFBC}") = "CoreLoader", "CoreLoader\CoreLoader.csproj", "{92F0CD28-5B83-4DE3-B197-C0D3A2FA06C8}"
	ProjectSection(ProjectDependencies) = postProject
		{09E9143F-34CF-4F57-8C73-CB2D820BB374} = {09E9143F-34CF-4F57-8C73-CB2D820BB374}
		{C498CA84-DE61-4E39-AE4C-787E9D177A9C} = {C498CA84-DE61-4E39-AE4C-787E9D177A9C}
		{75F6D0AD-7B20-41CD-8694-AC6ACAF994C4} = {75F6D0AD-7B20-41CD-8694-AC6ACAF994C4}
	EndProjectSection
EndProject
Project("{FAE04EC0-301F-11D3-BF4B-00C04F79EFBC}") = "MediaCore", "MediaCore\MediaCore.csproj", "{C498CA84-DE61-4E39-AE4C-787E9D177A9C}"
EndProject
Project("{FAE04EC0-301F-11D3-BF4B-00C04F79EFBC}") = "KickassTorrents", "KickassTorrents\KickassTorrents.csproj", "{09E9143F-34CF-4F57-8C73-CB2D820BB374}"
EndProject
Project("{FAE04EC0-301F-11D3-BF4B-00C04F79EFBC}") = "1337x", "1337x\1337x.csproj", "{75F6D0AD-7B20-41CD-8694-AC6ACAF994C4}"
EndProject
Global
	GlobalSection(SolutionConfigurationPlatforms) = preSolution
		Debug|Any CPU = Debug|Any CPU
		Release|Any CPU = Release|Any CPU
	EndGlobalSection
	GlobalSection(ProjectConfigurationPlatforms) = postSolution
		{92F0CD28-5B83-4DE3-B197-C0D3A2FA06C8}.Debug|Any CPU.ActiveCfg = Debug|Any CPU
		{92F0CD28-5B83-4DE3-B197-C0D3A2FA06C8}.Debug|Any CPU.Build.0 = Debug|Any CPU
		{92F0CD28-5B83-4DE3-B197-C0D3A2FA06C8}.Release|Any CPU.ActiveCfg = Release|Any CPU
		{92F0CD28-5B83-4DE3-B197-C0D3A2FA06C8}.Release|Any CPU.Build.0 = Release|Any CPU
		{C498CA84-DE61-4E39-AE4C-787E9D177A9C}.Debug|Any CPU.ActiveCfg = Debug|Any CPU
		{C498CA84-DE61-4E39-AE4C-787E9D177A9C}.Debug|Any CPU.Build.0 = Debug|Any CPU
		{C498CA84-DE61-4E39-AE4C-787E9D177A9C}.Release|Any CPU.ActiveCfg = Release|Any CPU
		{C498CA84-DE61-4E39-AE4C-787E9D177A9C}.Release|Any CPU.Build.0 = Release|Any CPU
		{09E9143F-34CF-4F57-8C73-CB2D820BB374}.Debug|Any CPU.ActiveCfg = Debug|Any CPU
		{09E9143F-34CF-4F57-8C73-CB2D820BB374}.Debug|Any CPU.Build.0 = Debug|Any CPU
		{09E9143F-34CF-4F57-8C73-CB2D820BB374}.Release|Any CPU.ActiveCfg = Release|Any CPU
		{09E9143F-34CF-4F57-8C73-CB2D820BB374}.Release|Any CPU.Build.0 = Release|Any CPU
		{75F6D0AD-7B20-41CD-8694-AC6ACAF994C4}.Debug|Any CPU.ActiveCfg = Debug|Any CPU
		{75F6D0AD-7B20-41CD-8694-AC6ACAF994C4}.Debug|Any CPU.Build.0 = Debug|Any CPU
		{75F6D0AD-7B20-41CD-8694-AC6ACAF994C4}.Release|Any CPU.ActiveCfg = Release|Any CPU
		{75F6D0AD-7B20-41CD-8694-AC6ACAF994C4}.Release|Any CPU.Build.0 = Release|Any CPU
	EndGlobalSection
	GlobalSection(SolutionProperties) = preSolution
		HideSolutionNode = FALSE
	EndGlobalSection
EndGlobal
